
Microsoft Visual Studio Solution File, Format Version 12.00
# Visual Studio Version 16
VisualStudioVersion = 16.0.32106.194
MinimumVisualStudioVersion = 10.0.40219.1
Project("{FAE04EC0-301F-11D3-BF4B-00C04F79EFBC}") = "stocktracking", "stocktracking\stocktracking.csproj", "{9A77BDF4-CD2A-4FE6-B0C6-1B98D8D402EB}"
EndProject
Project("{FAE04EC0-301F-11D3-BF4B-00C04F79EFBC}") = "Data", "Data\Data.csproj", "{9047F1DF-A2E7-4187-AB6B-61C5F0007B78}"
EndProject
Project("{FAE04EC0-301F-11D3-BF4B-00C04F79EFBC}") = "DataAccess", "DataAccess\DataAccess.csproj", "{2423E6A2-AEDF-4520-B3FA-30D56DBA38A6}"
EndProject
Project("{FAE04EC0-301F-11D3-BF4B-00C04F79EFBC}") = "Business", "Business\Business.csproj", "{9C82761E-C6D8-4BDB-B7BE-EEB15BFC29E9}"
EndProject
Global
	GlobalSection(SolutionConfigurationPlatforms) = preSolution
		Debug|Any CPU = Debug|Any CPU
		Release|Any CPU = Release|Any CPU
	EndGlobalSection
	GlobalSection(ProjectConfigurationPlatforms) = postSolution
		{9A77BDF4-CD2A-4FE6-B0C6-1B98D8D402EB}.Debug|Any CPU.ActiveCfg = Debug|Any CPU
		{9A77BDF4-CD2A-4FE6-B0C6-1B98D8D402EB}.Debug|Any CPU.Build.0 = Debug|Any CPU
		{9A77BDF4-CD2A-4FE6-B0C6-1B98D8D402EB}.Release|Any CPU.ActiveCfg = Release|Any CPU
		{9A77BDF4-CD2A-4FE6-B0C6-1B98D8D402EB}.Release|Any CPU.Build.0 = Release|Any CPU
		{9047F1DF-A2E7-4187-AB6B-61C5F0007B78}.Debug|Any CPU.ActiveCfg = Debug|Any CPU
		{9047F1DF-A2E7-4187-AB6B-61C5F0007B78}.Debug|Any CPU.Build.0 = Debug|Any CPU
		{9047F1DF-A2E7-4187-AB6B-61C5F0007B78}.Release|Any CPU.ActiveCfg = Release|Any CPU
		{9047F1DF-A2E7-4187-AB6B-61C5F0007B78}.Release|Any CPU.Build.0 = Release|Any CPU
		{2423E6A2-AEDF-4520-B3FA-30D56DBA38A6}.Debug|Any CPU.ActiveCfg = Debug|Any CPU
		{2423E6A2-AEDF-4520-B3FA-30D56DBA38A6}.Debug|Any CPU.Build.0 = Debug|Any CPU
		{2423E6A2-AEDF-4520-B3FA-30D56DBA38A6}.Release|Any CPU.ActiveCfg = Release|Any CPU
		{2423E6A2-AEDF-4520-B3FA-30D56DBA38A6}.Release|Any CPU.Build.0 = Release|Any CPU
		{9C82761E-C6D8-4BDB-B7BE-EEB15BFC29E9}.Debug|Any CPU.ActiveCfg = Debug|Any CPU
		{9C82761E-C6D8-4BDB-B7BE-EEB15BFC29E9}.Debug|Any CPU.Build.0 = Debug|Any CPU
		{9C82761E-C6D8-4BDB-B7BE-EEB15BFC29E9}.Release|Any CPU.ActiveCfg = Release|Any CPU
		{9C82761E-C6D8-4BDB-B7BE-EEB15BFC29E9}.Release|Any CPU.Build.0 = Release|Any CPU
	EndGlobalSection
	GlobalSection(SolutionProperties) = preSolution
		HideSolutionNode = FALSE
	EndGlobalSection
	GlobalSection(ExtensibilityGlobals) = postSolution
		SolutionGuid = {D0BD057B-67FA-43B1-8798-E60ED196B301}
	EndGlobalSection
EndGlobal
